// !$*UTF8*$!
{
	archiveVersion = 1;
	classes = {
	};
	objectVersion = 46;
	objects = {

/* Begin PBXBuildFile section */
		0795A6B618E0B9400090D9AE /* Foundation.framework in Frameworks */ = {isa = PBXBuildFile; fileRef = 0795A6B518E0B9400090D9AE /* Foundation.framework */; };
		0795A6B818E0B9400090D9AE /* CoreGraphics.framework in Frameworks */ = {isa = PBXBuildFile; fileRef = 0795A6B718E0B9400090D9AE /* CoreGraphics.framework */; };
		0795A6BA18E0B9400090D9AE /* UIKit.framework in Frameworks */ = {isa = PBXBuildFile; fileRef = 0795A6B918E0B9400090D9AE /* UIKit.framework */; };
		0795A6C018E0B9400090D9AE /* InfoPlist.strings in Resources */ = {isa = PBXBuildFile; fileRef = 0795A6BE18E0B9400090D9AE /* InfoPlist.strings */; };
		0795A6C218E0B9400090D9AE /* main.m in Sources */ = {isa = PBXBuildFile; fileRef = 0795A6C118E0B9400090D9AE /* main.m */; };
		0795A6C618E0B9400090D9AE /* DSAppDelegate.m in Sources */ = {isa = PBXBuildFile; fileRef = 0795A6C518E0B9400090D9AE /* DSAppDelegate.m */; };
		0795A6C918E0B9400090D9AE /* Main.storyboard in Resources */ = {isa = PBXBuildFile; fileRef = 0795A6C718E0B9400090D9AE /* Main.storyboard */; };
		0795A6CC18E0B9400090D9AE /* DSViewController.m in Sources */ = {isa = PBXBuildFile; fileRef = 0795A6CB18E0B9400090D9AE /* DSViewController.m */; };
		0795A6CE18E0B9400090D9AE /* Images.xcassets in Resources */ = {isa = PBXBuildFile; fileRef = 0795A6CD18E0B9400090D9AE /* Images.xcassets */; };
		0795A6D518E0B9400090D9AE /* XCTest.framework in Frameworks */ = {isa = PBXBuildFile; fileRef = 0795A6D418E0B9400090D9AE /* XCTest.framework */; };
		0795A6D618E0B9400090D9AE /* Foundation.framework in Frameworks */ = {isa = PBXBuildFile; fileRef = 0795A6B518E0B9400090D9AE /* Foundation.framework */; };
		0795A6D718E0B9400090D9AE /* UIKit.framework in Frameworks */ = {isa = PBXBuildFile; fileRef = 0795A6B918E0B9400090D9AE /* UIKit.framework */; };
		0795A6DF18E0B9400090D9AE /* InfoPlist.strings in Resources */ = {isa = PBXBuildFile; fileRef = 0795A6DD18E0B9400090D9AE /* InfoPlist.strings */; };
		0795A6E118E0B9400090D9AE /* MeetMeUpTests.m in Sources */ = {isa = PBXBuildFile; fileRef = 0795A6E018E0B9400090D9AE /* MeetMeUpTests.m */; };
		0795A6EC18E0CE470090D9AE /* DetailViewController.m in Sources */ = {isa = PBXBuildFile; fileRef = 0795A6EB18E0CE470090D9AE /* DetailViewController.m */; };
		0795A6EF18E0D9800090D9AE /* Event.m in Sources */ = {isa = PBXBuildFile; fileRef = 0795A6EE18E0D9800090D9AE /* Event.m */; };
		0795A6F518E0EA7E0090D9AE /* WebViewController.m in Sources */ = {isa = PBXBuildFile; fileRef = 0795A6F418E0EA7E0090D9AE /* WebViewController.m */; };
/* End PBXBuildFile section */

/* Begin PBXContainerItemProxy section */
		0795A6D818E0B9400090D9AE /* PBXContainerItemProxy */ = {
			isa = PBXContainerItemProxy;
			containerPortal = 0795A6AA18E0B9400090D9AE /* Project object */;
			proxyType = 1;
			remoteGlobalIDString = 0795A6B118E0B9400090D9AE;
			remoteInfo = MeetMeUp;
		};
/* End PBXContainerItemProxy section */

/* Begin PBXFileReference section */
		0795A6B218E0B9400090D9AE /* MeetMeUp.app */ = {isa = PBXFileReference; explicitFileType = wrapper.application; includeInIndex = 0; path = MeetMeUp.app; sourceTree = BUILT_PRODUCTS_DIR; };
		0795A6B518E0B9400090D9AE /* Foundation.framework */ = {isa = PBXFileReference; lastKnownFileType = wrapper.framework; name = Foundation.framework; path = System/Library/Frameworks/Foundation.framework; sourceTree = SDKROOT; };
		0795A6B718E0B9400090D9AE /* CoreGraphics.framework */ = {isa = PBXFileReference; lastKnownFileType = wrapper.framework; name = CoreGraphics.framework; path = System/Library/Frameworks/CoreGraphics.framework; sourceTree = SDKROOT; };
		0795A6B918E0B9400090D9AE /* UIKit.framework */ = {isa = PBXFileReference; lastKnownFileType = wrapper.framework; name = UIKit.framework; path = System/Library/Frameworks/UIKit.framework; sourceTree = SDKROOT; };
		0795A6BD18E0B9400090D9AE /* MeetMeUp-Info.plist */ = {isa = PBXFileReference; lastKnownFileType = text.plist.xml; path = "MeetMeUp-Info.plist"; sourceTree = "<group>"; };
		0795A6BF18E0B9400090D9AE /* en */ = {isa = PBXFileReference; lastKnownFileType = text.plist.strings; name = en; path = en.lproj/InfoPlist.strings; sourceTree = "<group>"; };
		0795A6C118E0B9400090D9AE /* main.m */ = {isa = PBXFileReference; lastKnownFileType = sourcecode.c.objc; path = main.m; sourceTree = "<group>"; };
		0795A6C318E0B9400090D9AE /* MeetMeUp-Prefix.pch */ = {isa = PBXFileReference; lastKnownFileType = sourcecode.c.h; path = "MeetMeUp-Prefix.pch"; sourceTree = "<group>"; };
		0795A6C418E0B9400090D9AE /* DSAppDelegate.h */ = {isa = PBXFileReference; lastKnownFileType = sourcecode.c.h; path = DSAppDelegate.h; sourceTree = "<group>"; };
		0795A6C518E0B9400090D9AE /* DSAppDelegate.m */ = {isa = PBXFileReference; lastKnownFileType = sourcecode.c.objc; path = DSAppDelegate.m; sourceTree = "<group>"; };
		0795A6C818E0B9400090D9AE /* Base */ = {isa = PBXFileReference; lastKnownFileType = file.storyboard; name = Base; path = Base.lproj/Main.storyboard; sourceTree = "<group>"; };
		0795A6CA18E0B9400090D9AE /* DSViewController.h */ = {isa = PBXFileReference; lastKnownFileType = sourcecode.c.h; path = DSViewController.h; sourceTree = "<group>"; };
		0795A6CB18E0B9400090D9AE /* DSViewController.m */ = {isa = PBXFileReference; lastKnownFileType = sourcecode.c.objc; path = DSViewController.m; sourceTree = "<group>"; };
		0795A6CD18E0B9400090D9AE /* Images.xcassets */ = {isa = PBXFileReference; lastKnownFileType = folder.assetcatalog; path = Images.xcassets; sourceTree = "<group>"; };
		0795A6D318E0B9400090D9AE /* MeetMeUpTests.xctest */ = {isa = PBXFileReference; explicitFileType = wrapper.cfbundle; includeInIndex = 0; path = MeetMeUpTests.xctest; sourceTree = BUILT_PRODUCTS_DIR; };
		0795A6D418E0B9400090D9AE /* XCTest.framework */ = {isa = PBXFileReference; lastKnownFileType = wrapper.framework; name = XCTest.framework; path = Library/Frameworks/XCTest.framework; sourceTree = DEVELOPER_DIR; };
		0795A6DC18E0B9400090D9AE /* MeetMeUpTests-Info.plist */ = {isa = PBXFileReference; lastKnownFileType = text.plist.xml; path = "MeetMeUpTests-Info.plist"; sourceTree = "<group>"; };
		0795A6DE18E0B9400090D9AE /* en */ = {isa = PBXFileReference; lastKnownFileType = text.plist.strings; name = en; path = en.lproj/InfoPlist.strings; sourceTree = "<group>"; };
		0795A6E018E0B9400090D9AE /* MeetMeUpTests.m */ = {isa = PBXFileReference; lastKnownFileType = sourcecode.c.objc; path = MeetMeUpTests.m; sourceTree = "<group>"; };
		0795A6EA18E0CE470090D9AE /* DetailViewController.h */ = {isa = PBXFileReference; fileEncoding = 4; lastKnownFileType = sourcecode.c.h; path = DetailViewController.h; sourceTree = "<group>"; };
		0795A6EB18E0CE470090D9AE /* DetailViewController.m */ = {isa = PBXFileReference; fileEncoding = 4; lastKnownFileType = sourcecode.c.objc; path = DetailViewController.m; sourceTree = "<group>"; };
		0795A6ED18E0D9800090D9AE /* Event.h */ = {isa = PBXFileReference; fileEncoding = 4; lastKnownFileType = sourcecode.c.h; path = Event.h; sourceTree = "<group>"; };
		0795A6EE18E0D9800090D9AE /* Event.m */ = {isa = PBXFileReference; fileEncoding = 4; lastKnownFileType = sourcecode.c.objc; path = Event.m; sourceTree = "<group>"; };
		0795A6F318E0EA7E0090D9AE /* WebViewController.h */ = {isa = PBXFileReference; fileEncoding = 4; lastKnownFileType = sourcecode.c.h; path = WebViewController.h; sourceTree = "<group>"; };
		0795A6F418E0EA7E0090D9AE /* WebViewController.m */ = {isa = PBXFileReference; fileEncoding = 4; lastKnownFileType = sourcecode.c.objc; path = WebViewController.m; sourceTree = "<group>"; };
/* End PBXFileReference section */

/* Begin PBXFrameworksBuildPhase section */
		0795A6AF18E0B9400090D9AE /* Frameworks */ = {
			isa = PBXFrameworksBuildPhase;
			buildActionMask = 2147483647;
			files = (
				0795A6B818E0B9400090D9AE /* CoreGraphics.framework in Frameworks */,
				0795A6BA18E0B9400090D9AE /* UIKit.framework in Frameworks */,
				0795A6B618E0B9400090D9AE /* Foundation.framework in Frameworks */,
			);
			runOnlyForDeploymentPostprocessing = 0;
		};
		0795A6D018E0B9400090D9AE /* Frameworks */ = {
			isa = PBXFrameworksBuildPhase;
			buildActionMask = 2147483647;
			files = (
				0795A6D518E0B9400090D9AE /* XCTest.framework in Frameworks */,
				0795A6D718E0B9400090D9AE /* UIKit.framework in Frameworks */,
				0795A6D618E0B9400090D9AE /* Foundation.framework in Frameworks */,
			);
			runOnlyForDeploymentPostprocessing = 0;
		};
/* End PBXFrameworksBuildPhase section */

/* Begin PBXGroup section */
		0795A6A918E0B9400090D9AE = {
			isa = PBXGroup;
			children = (
				0795A6BB18E0B9400090D9AE /* MeetMeUp */,
				0795A6DA18E0B9400090D9AE /* MeetMeUpTests */,
				0795A6B418E0B9400090D9AE /* Frameworks */,
				0795A6B318E0B9400090D9AE /* Products */,
			);
			sourceTree = "<group>";
		};
		0795A6B318E0B9400090D9AE /* Products */ = {
			isa = PBXGroup;
			children = (
				0795A6B218E0B9400090D9AE /* MeetMeUp.app */,
				0795A6D318E0B9400090D9AE /* MeetMeUpTests.xctest */,
			);
			name = Products;
			sourceTree = "<group>";
		};
		0795A6B418E0B9400090D9AE /* Frameworks */ = {
			isa = PBXGroup;
			children = (
				0795A6B518E0B9400090D9AE /* Foundation.framework */,
				0795A6B718E0B9400090D9AE /* CoreGraphics.framework */,
				0795A6B918E0B9400090D9AE /* UIKit.framework */,
				0795A6D418E0B9400090D9AE /* XCTest.framework */,
			);
			name = Frameworks;
			sourceTree = "<group>";
		};
		0795A6BB18E0B9400090D9AE /* MeetMeUp */ = {
			isa = PBXGroup;
			children = (
				0795A6C418E0B9400090D9AE /* DSAppDelegate.h */,
				0795A6C518E0B9400090D9AE /* DSAppDelegate.m */,
				0795A6C718E0B9400090D9AE /* Main.storyboard */,
				0795A6CA18E0B9400090D9AE /* DSViewController.h */,
				0795A6CB18E0B9400090D9AE /* DSViewController.m */,
				0795A6ED18E0D9800090D9AE /* Event.h */,
				0795A6EE18E0D9800090D9AE /* Event.m */,
				0795A6EA18E0CE470090D9AE /* DetailViewController.h */,
				0795A6EB18E0CE470090D9AE /* DetailViewController.m */,
				0795A6CD18E0B9400090D9AE /* Images.xcassets */,
				0795A6BC18E0B9400090D9AE /* Supporting Files */,
				0795A6F318E0EA7E0090D9AE /* WebViewController.h */,
				0795A6F418E0EA7E0090D9AE /* WebViewController.m */,
			);
			path = MeetMeUp;
			sourceTree = "<group>";
		};
		0795A6BC18E0B9400090D9AE /* Supporting Files */ = {
			isa = PBXGroup;
			children = (
				0795A6BD18E0B9400090D9AE /* MeetMeUp-Info.plist */,
				0795A6BE18E0B9400090D9AE /* InfoPlist.strings */,
				0795A6C118E0B9400090D9AE /* main.m */,
				0795A6C318E0B9400090D9AE /* MeetMeUp-Prefix.pch */,
			);
			name = "Supporting Files";
			sourceTree = "<group>";
		};
		0795A6DA18E0B9400090D9AE /* MeetMeUpTests */ = {
			isa = PBXGroup;
			children = (
				0795A6E018E0B9400090D9AE /* MeetMeUpTests.m */,
				0795A6DB18E0B9400090D9AE /* Supporting Files */,
			);
			path = MeetMeUpTests;
			sourceTree = "<group>";
		};
		0795A6DB18E0B9400090D9AE /* Supporting Files */ = {
			isa = PBXGroup;
			children = (
				0795A6DC18E0B9400090D9AE /* MeetMeUpTests-Info.plist */,
				0795A6DD18E0B9400090D9AE /* InfoPlist.strings */,
			);
			name = "Supporting Files";
			sourceTree = "<group>";
		};
/* End PBXGroup section */

/* Begin PBXNativeTarget section */
		0795A6B118E0B9400090D9AE /* MeetMeUp */ = {
			isa = PBXNativeTarget;
			buildConfigurationList = 0795A6E418E0B9400090D9AE /* Build configuration list for PBXNativeTarget "MeetMeUp" */;
			buildPhases = (
				0795A6AE18E0B9400090D9AE /* Sources */,
				0795A6AF18E0B9400090D9AE /* Frameworks */,
				0795A6B018E0B9400090D9AE /* Resources */,
			);
			buildRules = (
			);
			dependencies = (
			);
			name = MeetMeUp;
			productName = MeetMeUp;
			productReference = 0795A6B218E0B9400090D9AE /* MeetMeUp.app */;
			productType = "com.apple.product-type.application";
		};
		0795A6D218E0B9400090D9AE /* MeetMeUpTests */ = {
			isa = PBXNativeTarget;
			buildConfigurationList = 0795A6E718E0B9400090D9AE /* Build configuration list for PBXNativeTarget "MeetMeUpTests" */;
			buildPhases = (
				0795A6CF18E0B9400090D9AE /* Sources */,
				0795A6D018E0B9400090D9AE /* Frameworks */,
				0795A6D118E0B9400090D9AE /* Resources */,
			);
			buildRules = (
			);
			dependencies = (
				0795A6D918E0B9400090D9AE /* PBXTargetDependency */,
			);
			name = MeetMeUpTests;
			productName = MeetMeUpTests;
			productReference = 0795A6D318E0B9400090D9AE /* MeetMeUpTests.xctest */;
			productType = "com.apple.product-type.bundle.unit-test";
		};
/* End PBXNativeTarget section */

/* Begin PBXProject section */
		0795A6AA18E0B9400090D9AE /* Project object */ = {
			isa = PBXProject;
			attributes = {
				CLASSPREFIX = DS;
				LastUpgradeCheck = 0510;
				ORGANIZATIONNAME = "Dan Szeezil";
				TargetAttributes = {
					0795A6D218E0B9400090D9AE = {
						TestTargetID = 0795A6B118E0B9400090D9AE;
					};
				};
			};
			buildConfigurationList = 0795A6AD18E0B9400090D9AE /* Build configuration list for PBXProject "MeetMeUp" */;
			compatibilityVersion = "Xcode 3.2";
			developmentRegion = English;
			hasScannedForEncodings = 0;
			knownRegions = (
				en,
				Base,
			);
			mainGroup = 0795A6A918E0B9400090D9AE;
			productRefGroup = 0795A6B318E0B9400090D9AE /* Products */;
			projectDirPath = "";
			projectRoot = "";
			targets = (
				0795A6B118E0B9400090D9AE /* MeetMeUp */,
				0795A6D218E0B9400090D9AE /* MeetMeUpTests */,
			);
		};
/* End PBXProject section */

/* Begin PBXResourcesBuildPhase section */
		0795A6B018E0B9400090D9AE /* Resources */ = {
			isa = PBXResourcesBuildPhase;
			buildActionMask = 2147483647;
			files = (
				0795A6CE18E0B9400090D9AE /* Images.xcassets in Resources */,
				0795A6C018E0B9400090D9AE /* InfoPlist.strings in Resources */,
				0795A6C918E0B9400090D9AE /* Main.storyboard in Resources */,
			);
			runOnlyForDeploymentPostprocessing = 0;
		};
		0795A6D118E0B9400090D9AE /* Resources */ = {
			isa = PBXResourcesBuildPhase;
			buildActionMask = 2147483647;
			files = (
				0795A6DF18E0B9400090D9AE /* InfoPlist.strings in Resources */,
			);
			runOnlyForDeploymentPostprocessing = 0;
		};
/* End PBXResourcesBuildPhase section */

/* Begin PBXSourcesBuildPhase section */
		0795A6AE18E0B9400090D9AE /* Sources */ = {
			isa = PBXSourcesBuildPhase;
			buildActionMask = 2147483647;
			files = (
				0795A6C218E0B9400090D9AE /* main.m in Sources */,
				0795A6F518E0EA7E0090D9AE /* WebViewController.m in Sources */,
				0795A6CC18E0B9400090D9AE /* DSViewController.m in Sources */,
				0795A6EF18E0D9800090D9AE /* Event.m in Sources */,
				0795A6C618E0B9400090D9AE /* DSAppDelegate.m in Sources */,
				0795A6EC18E0CE470090D9AE /* DetailViewController.m in Sources */,
			);
			runOnlyForDeploymentPostprocessing = 0;
		};
		0795A6CF18E0B9400090D9AE /* Sources */ = {
			isa = PBXSourcesBuildPhase;
			buildActionMask = 2147483647;
			files = (
				0795A6E118E0B9400090D9AE /* MeetMeUpTests.m in Sources */,
			);
			runOnlyForDeploymentPostprocessing = 0;
		};
/* End PBXSourcesBuildPhase section */

/* Begin PBXTargetDependency section */
		0795A6D918E0B9400090D9AE /* PBXTargetDependency */ = {
			isa = PBXTargetDependency;
			target = 0795A6B118E0B9400090D9AE /* MeetMeUp */;
			targetProxy = 0795A6D818E0B9400090D9AE /* PBXContainerItemProxy */;
		};
/* End PBXTargetDependency section */

/* Begin PBXVariantGroup section */
		0795A6BE18E0B9400090D9AE /* InfoPlist.strings */ = {
			isa = PBXVariantGroup;
			children = (
				0795A6BF18E0B9400090D9AE /* en */,
			);
			name = InfoPlist.strings;
			sourceTree = "<group>";
		};
		0795A6C718E0B9400090D9AE /* Main.storyboard */ = {
			isa = PBXVariantGroup;
			children = (
				0795A6C818E0B9400090D9AE /* Base */,
			);
			name = Main.storyboard;
			sourceTree = "<group>";
		};
		0795A6DD18E0B9400090D9AE /* InfoPlist.strings */ = {
			isa = PBXVariantGroup;
			children = (
				0795A6DE18E0B9400090D9AE /* en */,
			);
			name = InfoPlist.strings;
			sourceTree = "<group>";
		};
/* End PBXVariantGroup section */

/* Begin XCBuildConfiguration section */
		0795A6E218E0B9400090D9AE /* Debug */ = {
			isa = XCBuildConfiguration;
			buildSettings = {
				ALWAYS_SEARCH_USER_PATHS = NO;
				CLANG_CXX_LANGUAGE_STANDARD = "gnu++0x";
				CLANG_CXX_LIBRARY = "libc++";
				CLANG_ENABLE_MODULES = YES;
				CLANG_ENABLE_OBJC_ARC = YES;
				CLANG_WARN_BOOL_CONVERSION = YES;
				CLANG_WARN_CONSTANT_CONVERSION = YES;
				CLANG_WARN_DIRECT_OBJC_ISA_USAGE = YES_ERROR;
				CLANG_WARN_EMPTY_BODY = YES;
				CLANG_WARN_ENUM_CONVERSION = YES;
				CLANG_WARN_INT_CONVERSION = YES;
				CLANG_WARN_OBJC_ROOT_CLASS = YES_ERROR;
				CLANG_WARN__DUPLICATE_METHOD_MATCH = YES;
				"CODE_SIGN_IDENTITY[sdk=iphoneos*]" = "iPhone Developer";
				COPY_PHASE_STRIP = NO;
				GCC_C_LANGUAGE_STANDARD = gnu99;
				GCC_DYNAMIC_NO_PIC = NO;
				GCC_OPTIMIZATION_LEVEL = 0;
				GCC_PREPROCESSOR_DEFINITIONS = (
					"DEBUG=1",
					"$(inherited)",
				);
				GCC_SYMBOLS_PRIVATE_EXTERN = NO;
				GCC_WARN_64_TO_32_BIT_CONVERSION = YES;
				GCC_WARN_ABOUT_RETURN_TYPE = YES_ERROR;
				GCC_WARN_UNDECLARED_SELECTOR = YES;
				GCC_WARN_UNINITIALIZED_AUTOS = YES_AGGRESSIVE;
				GCC_WARN_UNUSED_FUNCTION = YES;
				GCC_WARN_UNUSED_VARIABLE = YES;
				IPHONEOS_DEPLOYMENT_TARGET = 7.1;
				ONLY_ACTIVE_ARCH = YES;
				SDKROOT = iphoneos;
			};
			name = Debug;
		};
		0795A6E318E0B9400090D9AE /* Release */ = {
			isa = XCBuildConfiguration;
			buildSettings = {
				ALWAYS_SEARCH_USER_PATHS = NO;
				CLANG_CXX_LANGUAGE_STANDARD = "gnu++0x";
				CLANG_CXX_LIBRARY = "libc++";
				CLANG_ENABLE_MODULES = YES;
				CLANG_ENABLE_OBJC_ARC = YES;
				CLANG_WARN_BOOL_CONVERSION = YES;
				CLANG_WARN_CONSTANT_CONVERSION = YES;
				CLANG_WARN_DIRECT_OBJC_ISA_USAGE = YES_ERROR;
				CLANG_WARN_EMPTY_BODY = YES;
				CLANG_WARN_ENUM_CONVERSION = YES;
				CLANG_WARN_INT_CONVERSION = YES;
				CLANG_WARN_OBJC_ROOT_CLASS = YES_ERROR;
				CLANG_WARN__DUPLICATE_METHOD_MATCH = YES;
				"CODE_SIGN_IDENTITY[sdk=iphoneos*]" = "iPhone Developer";
				COPY_PHASE_STRIP = YES;
				ENABLE_NS_ASSERTIONS = NO;
				GCC_C_LANGUAGE_STANDARD = gnu99;
				GCC_WARN_64_TO_32_BIT_CONVERSION = YES;
				GCC_WARN_ABOUT_RETURN_TYPE = YES_ERROR;
				GCC_WARN_UNDECLARED_SELECTOR = YES;
				GCC_WARN_UNINITIALIZED_AUTOS = YES_AGGRESSIVE;
				GCC_WARN_UNUSED_FUNCTION = YES;
				GCC_WARN_UNUSED_VARIABLE = YES;
				IPHONEOS_DEPLOYMENT_TARGET = 7.1;
				SDKROOT = iphoneos;
				VALIDATE_PRODUCT = YES;
			};
			name = Release;
		};
		0795A6E518E0B9400090D9AE /* Debug */ = {
			isa = XCBuildConfiguration;
			buildSettings = {
				ASSETCATALOG_COMPILER_APPICON_NAME = AppIcon;
				ASSETCATALOG_COMPILER_LAUNCHIMAGE_NAME = LaunchImage;
				GCC_PRECOMPILE_PREFIX_HEADER = YES;
				GCC_PREFIX_HEADER = "MeetMeUp/MeetMeUp-Prefix.pch";
				INFOPLIST_FILE = "MeetMeUp/MeetMeUp-Info.plist";
				PRODUCT_NAME = "$(TARGET_NAME)";
				WRAPPER_EXTENSION = app;
			};
			name = Debug;
		};
		0795A6E618E0B9400090D9AE /* Release */ = {
			isa = XCBuildConfiguration;
			buildSettings = {
				ASSETCATALOG_COMPILER_APPICON_NAME = AppIcon;
				ASSETCATALOG_COMPILER_LAUNCHIMAGE_NAME = LaunchImage;
				GCC_PRECOMPILE_PREFIX_HEADER = YES;
				GCC_PREFIX_HEADER = "MeetMeUp/MeetMeUp-Prefix.pch";
				INFOPLIST_FILE = "MeetMeUp/MeetMeUp-Info.plist";
				PRODUCT_NAME = "$(TARGET_NAME)";
				WRAPPER_EXTENSION = app;
			};
			name = Release;
		};
		0795A6E818E0B9400090D9AE /* Debug */ = {
			isa = XCBuildConfiguration;
			buildSettings = {
				BUNDLE_LOADER = "$(BUILT_PRODUCTS_DIR)/MeetMeUp.app/MeetMeUp";
				FRAMEWORK_SEARCH_PATHS = (
					"$(SDKROOT)/Developer/Library/Frameworks",
					"$(inherited)",
					"$(DEVELOPER_FRAMEWORKS_DIR)",
				);
				GCC_PRECOMPILE_PREFIX_HEADER = YES;
				GCC_PREFIX_HEADER = "MeetMeUp/MeetMeUp-Prefix.pch";
				GCC_PREPROCESSOR_DEFINITIONS = (
					"DEBUG=1",
					"$(inherited)",
				);
				INFOPLIST_FILE = "MeetMeUpTests/MeetMeUpTests-Info.plist";
				PRODUCT_NAME = "$(TARGET_NAME)";
				TEST_HOST = "$(BUNDLE_LOADER)";
				WRAPPER_EXTENSION = xctest;
			};
			name = Debug;
		};
		0795A6E918E0B9400090D9AE /* Release */ = {
			isa = XCBuildConfiguration;
			buildSettings = {
				BUNDLE_LOADER = "$(BUILT_PRODUCTS_DIR)/MeetMeUp.app/MeetMeUp";
				FRAMEWORK_SEARCH_PATHS = (
					"$(SDKROOT)/Developer/Library/Frameworks",
					"$(inherited)",
					"$(DEVELOPER_FRAMEWORKS_DIR)",
				);
				GCC_PRECOMPILE_PREFIX_HEADER = YES;
				GCC_PREFIX_HEADER = "MeetMeUp/MeetMeUp-Prefix.pch";
				INFOPLIST_FILE = "MeetMeUpTests/MeetMeUpTests-Info.plist";
				PRODUCT_NAME = "$(TARGET_NAME)";
				TEST_HOST = "$(BUNDLE_LOADER)";
				WRAPPER_EXTENSION = xctest;
			};
			name = Release;
		};
/* End XCBuildConfiguration section */

/* Begin XCConfigurationList section */
		0795A6AD18E0B9400090D9AE /* Build configuration list for PBXProject "MeetMeUp" */ = {
			isa = XCConfigurationList;
			buildConfigurations = (
				0795A6E218E0B9400090D9AE /* Debug */,
				0795A6E318E0B9400090D9AE /* Release */,
			);
			defaultConfigurationIsVisible = 0;
			defaultConfigurationName = Release;
		};
		0795A6E418E0B9400090D9AE /* Build configuration list for PBXNativeTarget "MeetMeUp" */ = {
			isa = XCConfigurationList;
			buildConfigurations = (
				0795A6E518E0B9400090D9AE /* Debug */,
				0795A6E618E0B9400090D9AE /* Release */,
			);
			defaultConfigurationIsVisible = 0;
			defaultConfigurationName = Release;
		};
		0795A6E718E0B9400090D9AE /* Build configuration list for PBXNativeTarget "MeetMeUpTests" */ = {
			isa = XCConfigurationList;
			buildConfigurations = (
				0795A6E818E0B9400090D9AE /* Debug */,
				0795A6E918E0B9400090D9AE /* Release */,
			);
			defaultConfigurationIsVisible = 0;
			defaultConfigurationName = Release;
		};
/* End XCConfigurationList section */
	};
	rootObject = 0795A6AA18E0B9400090D9AE /* Project object */;
}
